
Microsoft Visual Studio Solution File, Format Version 12.00
# Visual Studio Version 17
VisualStudioVersion = 17.13.35931.197 d17.13
MinimumVisualStudioVersion = 10.0.40219.1
Project("{8BC9CEB8-8B4A-11D0-8D11-00A0C91BC942}") = "DS_test", "DS_test\DS_test.vcxproj", "{ECE22594-AA2F-451D-9593-E7E32271A079}"
EndProject
Global
	GlobalSection(SolutionConfigurationPlatforms) = preSolution
		Debug|x64 = Debug|x64
		Debug|x86 = Debug|x86
		Release|x64 = Release|x64
		Release|x86 = Release|x86
	EndGlobalSection
	GlobalSection(ProjectConfigurationPlatforms) = postSolution
		{ECE22594-AA2F-451D-9593-E7E32271A079}.Debug|x64.ActiveCfg = Debug|x64
		{ECE22594-AA2F-451D-9593-E7E32271A079}.Debug|x64.Build.0 = Debug|x64
		{ECE22594-AA2F-451D-9593-E7E32271A079}.Debug|x86.ActiveCfg = Debug|Win32
		{ECE22594-AA2F-451D-9593-E7E32271A079}.Debug|x86.Build.0 = Debug|Win32
		{ECE22594-AA2F-451D-9593-E7E32271A079}.Release|x64.ActiveCfg = Release|x64
		{ECE22594-AA2F-451D-9593-E7E32271A079}.Release|x64.Build.0 = Release|x64
		{ECE22594-AA2F-451D-9593-E7E32271A079}.Release|x86.ActiveCfg = Release|Win32
		{ECE22594-AA2F-451D-9593-E7E32271A079}.Release|x86.Build.0 = Release|Win32
	EndGlobalSection
	GlobalSection(SolutionProperties) = preSolution
		HideSolutionNode = FALSE
	EndGlobalSection
	GlobalSection(ExtensibilityGlobals) = postSolution
		SolutionGuid = {B2AEB319-38A7-4E98-82BE-D000ED417666}
	EndGlobalSection
EndGlobal
